
Microsoft Visual Studio Solution File, Format Version 12.00
# Visual Studio 14
VisualStudioVersion = 14.0.25420.1
MinimumVisualStudioVersion = 10.0.40219.1
Project("{FAE04EC0-301F-11D3-BF4B-00C04F79EFBC}") = "AttReport", "AttReport\AttReport.csproj", "{7E40D7AF-D135-4FDB-9C07-9E9852C5BD17}"
EndProject
Project("{FAE04EC0-301F-11D3-BF4B-00C04F79EFBC}") = "DAL", "DAL\DAL.csproj", "{890AF62F-615F-4931-BE61-857B0161B8C5}"
EndProject
Project("{FAE04EC0-301F-11D3-BF4B-00C04F79EFBC}") = "Models", "Modes\Models.csproj", "{8EBB0237-A7A7-4FAC-99EE-07F8960AACAD}"
EndProject
Global
	GlobalSection(SolutionConfigurationPlatforms) = preSolution
		Debug|Any CPU = Debug|Any CPU
		Release|Any CPU = Release|Any CPU
	EndGlobalSection
	GlobalSection(ProjectConfigurationPlatforms) = postSolution
		{7E40D7AF-D135-4FDB-9C07-9E9852C5BD17}.Debug|Any CPU.ActiveCfg = Debug|Any CPU
		{7E40D7AF-D135-4FDB-9C07-9E9852C5BD17}.Debug|Any CPU.Build.0 = Debug|Any CPU
		{7E40D7AF-D135-4FDB-9C07-9E9852C5BD17}.Release|Any CPU.ActiveCfg = Release|Any CPU
		{7E40D7AF-D135-4FDB-9C07-9E9852C5BD17}.Release|Any CPU.Build.0 = Release|Any CPU
		{890AF62F-615F-4931-BE61-857B0161B8C5}.Debug|Any CPU.ActiveCfg = Debug|Any CPU
		{890AF62F-615F-4931-BE61-857B0161B8C5}.Debug|Any CPU.Build.0 = Debug|Any CPU
		{890AF62F-615F-4931-BE61-857B0161B8C5}.Release|Any CPU.ActiveCfg = Release|Any CPU
		{890AF62F-615F-4931-BE61-857B0161B8C5}.Release|Any CPU.Build.0 = Release|Any CPU
		{8EBB0237-A7A7-4FAC-99EE-07F8960AACAD}.Debug|Any CPU.ActiveCfg = Debug|Any CPU
		{8EBB0237-A7A7-4FAC-99EE-07F8960AACAD}.Debug|Any CPU.Build.0 = Debug|Any CPU
		{8EBB0237-A7A7-4FAC-99EE-07F8960AACAD}.Release|Any CPU.ActiveCfg = Release|Any CPU
		{8EBB0237-A7A7-4FAC-99EE-07F8960AACAD}.Release|Any CPU.Build.0 = Release|Any CPU
	EndGlobalSection
	GlobalSection(SolutionProperties) = preSolution
		HideSolutionNode = FALSE
	EndGlobalSection
EndGlobal
